// !$*UTF8*$!
{
	archiveVersion = 1;
	classes = {
	};
	objectVersion = 46;
	objects = {

/* Begin PBXBuildFile section */
		67924B791E76DB1B006F3A7C /* AppDelegate.swift in Sources */ = {isa = PBXBuildFile; fileRef = 67924B781E76DB1B006F3A7C /* AppDelegate.swift */; };
		67924B7B1E76DB1B006F3A7C /* ViewController.swift in Sources */ = {isa = PBXBuildFile; fileRef = 67924B7A1E76DB1B006F3A7C /* ViewController.swift */; };
		67924B7E1E76DB1B006F3A7C /* Main.storyboard in Resources */ = {isa = PBXBuildFile; fileRef = 67924B7C1E76DB1B006F3A7C /* Main.storyboard */; };
		67924B801E76DB1B006F3A7C /* Assets.xcassets in Resources */ = {isa = PBXBuildFile; fileRef = 67924B7F1E76DB1B006F3A7C /* Assets.xcassets */; };
		67924B831E76DB1B006F3A7C /* LaunchScreen.storyboard in Resources */ = {isa = PBXBuildFile; fileRef = 67924B811E76DB1B006F3A7C /* LaunchScreen.storyboard */; };
		67924B8B1E77111F006F3A7C /* RxCollectionViewController.swift in Sources */ = {isa = PBXBuildFile; fileRef = 67924B8A1E77111F006F3A7C /* RxCollectionViewController.swift */; };
		96BF4346DCA22E4240094B5D /* Pods_RxSwiftTest.framework in Frameworks */ = {isa = PBXBuildFile; fileRef = 9976FA11D42B477B05706BD5 /* Pods_RxSwiftTest.framework */; };
/* End PBXBuildFile section */

/* Begin PBXFileReference section */
		00A69AA3ECBD1C1D9902B1F2 /* Pods-RxSwiftTest.release.xcconfig */ = {isa = PBXFileReference; includeInIndex = 1; lastKnownFileType = text.xcconfig; name = "Pods-RxSwiftTest.release.xcconfig"; path = "Pods/Target Support Files/Pods-RxSwiftTest/Pods-RxSwiftTest.release.xcconfig"; sourceTree = "<group>"; };
		67924B751E76DB1B006F3A7C /* RxSwiftTest.app */ = {isa = PBXFileReference; explicitFileType = wrapper.application; includeInIndex = 0; path = RxSwiftTest.app; sourceTree = BUILT_PRODUCTS_DIR; };
		67924B781E76DB1B006F3A7C /* AppDelegate.swift */ = {isa = PBXFileReference; lastKnownFileType = sourcecode.swift; path = AppDelegate.swift; sourceTree = "<group>"; };
		67924B7A1E76DB1B006F3A7C /* ViewController.swift */ = {isa = PBXFileReference; lastKnownFileType = sourcecode.swift; path = ViewController.swift; sourceTree = "<group>"; };
		67924B7D1E76DB1B006F3A7C /* Base */ = {isa = PBXFileReference; lastKnownFileType = file.storyboard; name = Base; path = Base.lproj/Main.storyboard; sourceTree = "<group>"; };
		67924B7F1E76DB1B006F3A7C /* Assets.xcassets */ = {isa = PBXFileReference; lastKnownFileType = folder.assetcatalog; path = Assets.xcassets; sourceTree = "<group>"; };
		67924B821E76DB1B006F3A7C /* Base */ = {isa = PBXFileReference; lastKnownFileType = file.storyboard; name = Base; path = Base.lproj/LaunchScreen.storyboard; sourceTree = "<group>"; };
		67924B841E76DB1B006F3A7C /* Info.plist */ = {isa = PBXFileReference; lastKnownFileType = text.plist.xml; path = Info.plist; sourceTree = "<group>"; };
		67924B8A1E77111F006F3A7C /* RxCollectionViewController.swift */ = {isa = PBXFileReference; fileEncoding = 4; lastKnownFileType = sourcecode.swift; path = RxCollectionViewController.swift; sourceTree = "<group>"; };
		9976FA11D42B477B05706BD5 /* Pods_RxSwiftTest.framework */ = {isa = PBXFileReference; explicitFileType = wrapper.framework; includeInIndex = 0; path = Pods_RxSwiftTest.framework; sourceTree = BUILT_PRODUCTS_DIR; };
		C9ED2B94A06A423C6D03765E /* Pods-RxSwiftTest.debug.xcconfig */ = {isa = PBXFileReference; includeInIndex = 1; lastKnownFileType = text.xcconfig; name = "Pods-RxSwiftTest.debug.xcconfig"; path = "Pods/Target Support Files/Pods-RxSwiftTest/Pods-RxSwiftTest.debug.xcconfig"; sourceTree = "<group>"; };
/* End PBXFileReference section */

/* Begin PBXFrameworksBuildPhase section */
		67924B721E76DB1B006F3A7C /* Frameworks */ = {
			isa = PBXFrameworksBuildPhase;
			buildActionMask = 2147483647;
			files = (
				96BF4346DCA22E4240094B5D /* Pods_RxSwiftTest.framework in Frameworks */,
			);
			runOnlyForDeploymentPostprocessing = 0;
		};
/* End PBXFrameworksBuildPhase section */

/* Begin PBXGroup section */
		67924B6C1E76DB1B006F3A7C = {
			isa = PBXGroup;
			children = (
				67924B771E76DB1B006F3A7C /* RxSwiftTest */,
				67924B761E76DB1B006F3A7C /* Products */,
				ECB0BD522E1F8752CCAD7062 /* Pods */,
				D19880B0430057B6BD290C86 /* Frameworks */,
			);
			sourceTree = "<group>";
		};
		67924B761E76DB1B006F3A7C /* Products */ = {
			isa = PBXGroup;
			children = (
				67924B751E76DB1B006F3A7C /* RxSwiftTest.app */,
			);
			name = Products;
			sourceTree = "<group>";
		};
		67924B771E76DB1B006F3A7C /* RxSwiftTest */ = {
			isa = PBXGroup;
			children = (
				67924B781E76DB1B006F3A7C /* AppDelegate.swift */,
				67924B7A1E76DB1B006F3A7C /* ViewController.swift */,
				67924B7C1E76DB1B006F3A7C /* Main.storyboard */,
				67924B7F1E76DB1B006F3A7C /* Assets.xcassets */,
				67924B811E76DB1B006F3A7C /* LaunchScreen.storyboard */,
				67924B841E76DB1B006F3A7C /* Info.plist */,
				67924B8A1E77111F006F3A7C /* RxCollectionViewController.swift */,
			);
			path = RxSwiftTest;
			sourceTree = "<group>";
		};
		D19880B0430057B6BD290C86 /* Frameworks */ = {
			isa = PBXGroup;
			children = (
				9976FA11D42B477B05706BD5 /* Pods_RxSwiftTest.framework */,
			);
			name = Frameworks;
			sourceTree = "<group>";
		};
		ECB0BD522E1F8752CCAD7062 /* Pods */ = {
			isa = PBXGroup;
			children = (
				C9ED2B94A06A423C6D03765E /* Pods-RxSwiftTest.debug.xcconfig */,
				00A69AA3ECBD1C1D9902B1F2 /* Pods-RxSwiftTest.release.xcconfig */,
			);
			name = Pods;
			sourceTree = "<group>";
		};
/* End PBXGroup section */

/* Begin PBXNativeTarget section */
		67924B741E76DB1B006F3A7C /* RxSwiftTest */ = {
			isa = PBXNativeTarget;
			buildConfigurationList = 67924B871E76DB1B006F3A7C /* Build configuration list for PBXNativeTarget "RxSwiftTest" */;
			buildPhases = (
				65538E54F1C93A27C1502891 /* [CP] Check Pods Manifest.lock */,
				67924B711E76DB1B006F3A7C /* Sources */,
				67924B721E76DB1B006F3A7C /* Frameworks */,
				67924B731E76DB1B006F3A7C /* Resources */,
				862A805314EC41A8A41B5940 /* [CP] Embed Pods Frameworks */,
				23344750F2848BBDD3D1769A /* [CP] Copy Pods Resources */,
			);
			buildRules = (
			);
			dependencies = (
			);
			name = RxSwiftTest;
			productName = RxSwiftTest;
			productReference = 67924B751E76DB1B006F3A7C /* RxSwiftTest.app */;
			productType = "com.apple.product-type.application";
		};
/* End PBXNativeTarget section */

/* Begin PBXProject section */
		67924B6D1E76DB1B006F3A7C /* Project object */ = {
			isa = PBXProject;
			attributes = {
				LastSwiftUpdateCheck = 0820;
				LastUpgradeCheck = 0820;
				ORGANIZATIONNAME = "CHI Software";
				TargetAttributes = {
					67924B741E76DB1B006F3A7C = {
						CreatedOnToolsVersion = 8.2.1;
						DevelopmentTeam = E8DYRFL62Y;
						ProvisioningStyle = Automatic;
					};
				};
			};
			buildConfigurationList = 67924B701E76DB1B006F3A7C /* Build configuration list for PBXProject "RxSwiftTest" */;
			compatibilityVersion = "Xcode 3.2";
			developmentRegion = English;
			hasScannedForEncodings = 0;
			knownRegions = (
				en,
				Base,
			);
			mainGroup = 67924B6C1E76DB1B006F3A7C;
			productRefGroup = 67924B761E76DB1B006F3A7C /* Products */;
			projectDirPath = "";
			projectRoot = "";
			targets = (
				67924B741E76DB1B006F3A7C /* RxSwiftTest */,
			);
		};
/* End PBXProject section */

/* Begin PBXResourcesBuildPhase section */
		67924B731E76DB1B006F3A7C /* Resources */ = {
			isa = PBXResourcesBuildPhase;
			buildActionMask = 2147483647;
			files = (
				67924B831E76DB1B006F3A7C /* LaunchScreen.storyboard in Resources */,
				67924B801E76DB1B006F3A7C /* Assets.xcassets in Resources */,
				67924B7E1E76DB1B006F3A7C /* Main.storyboard in Resources */,
			);
			runOnlyForDeploymentPostprocessing = 0;
		};
/* End PBXResourcesBuildPhase section */

/* Begin PBXShellScriptBuildPhase section */
		23344750F2848BBDD3D1769A /* [CP] Copy Pods Resources */ = {
			isa = PBXShellScriptBuildPhase;
			buildActionMask = 2147483647;
			files = (
			);
			inputPaths = (
			);
			name = "[CP] Copy Pods Resources";
			outputPaths = (
			);
			runOnlyForDeploymentPostprocessing = 0;
			shellPath = /bin/sh;
			shellScript = "\"${SRCROOT}/Pods/Target Support Files/Pods-RxSwiftTest/Pods-RxSwiftTest-resources.sh\"\n";
			showEnvVarsInLog = 0;
		};
		65538E54F1C93A27C1502891 /* [CP] Check Pods Manifest.lock */ = {
			isa = PBXShellScriptBuildPhase;
			buildActionMask = 2147483647;
			files = (
			);
			inputPaths = (
			);
			name = "[CP] Check Pods Manifest.lock";
			outputPaths = (
			);
			runOnlyForDeploymentPostprocessing = 0;
			shellPath = /bin/sh;
			shellScript = "diff \"${PODS_ROOT}/../Podfile.lock\" \"${PODS_ROOT}/Manifest.lock\" > /dev/null\nif [ $? != 0 ] ; then\n    # print error to STDERR\n    echo \"error: The sandbox is not in sync with the Podfile.lock. Run 'pod install' or update your CocoaPods installation.\" >&2\n    exit 1\nfi\n";
			showEnvVarsInLog = 0;
		};
		862A805314EC41A8A41B5940 /* [CP] Embed Pods Frameworks */ = {
			isa = PBXShellScriptBuildPhase;
			buildActionMask = 2147483647;
			files = (
			);
			inputPaths = (
			);
			name = "[CP] Embed Pods Frameworks";
			outputPaths = (
			);
			runOnlyForDeploymentPostprocessing = 0;
			shellPath = /bin/sh;
			shellScript = "\"${SRCROOT}/Pods/Target Support Files/Pods-RxSwiftTest/Pods-RxSwiftTest-frameworks.sh\"\n";
			showEnvVarsInLog = 0;
		};
/* End PBXShellScriptBuildPhase section */

/* Begin PBXSourcesBuildPhase section */
		67924B711E76DB1B006F3A7C /* Sources */ = {
			isa = PBXSourcesBuildPhase;
			buildActionMask = 2147483647;
			files = (
				67924B7B1E76DB1B006F3A7C /* ViewController.swift in Sources */,
				67924B791E76DB1B006F3A7C /* AppDelegate.swift in Sources */,
				67924B8B1E77111F006F3A7C /* RxCollectionViewController.swift in Sources */,
			);
			runOnlyForDeploymentPostprocessing = 0;
		};
/* End PBXSourcesBuildPhase section */

/* Begin PBXVariantGroup section */
		67924B7C1E76DB1B006F3A7C /* Main.storyboard */ = {
			isa = PBXVariantGroup;
			children = (
				67924B7D1E76DB1B006F3A7C /* Base */,
			);
			name = Main.storyboard;
			sourceTree = "<group>";
		};
		67924B811E76DB1B006F3A7C /* LaunchScreen.storyboard */ = {
			isa = PBXVariantGroup;
			children = (
				67924B821E76DB1B006F3A7C /* Base */,
			);
			name = LaunchScreen.storyboard;
			sourceTree = "<group>";
		};
/* End PBXVariantGroup section */

/* Begin XCBuildConfiguration section */
		67924B851E76DB1B006F3A7C /* Debug */ = {
			isa = XCBuildConfiguration;
			buildSettings = {
				ALWAYS_SEARCH_USER_PATHS = NO;
				CLANG_ANALYZER_NONNULL = YES;
				CLANG_CXX_LANGUAGE_STANDARD = "gnu++0x";
				CLANG_CXX_LIBRARY = "libc++";
				CLANG_ENABLE_MODULES = YES;
				CLANG_ENABLE_OBJC_ARC = YES;
				CLANG_WARN_BOOL_CONVERSION = YES;
				CLANG_WARN_CONSTANT_CONVERSION = YES;
				CLANG_WARN_DIRECT_OBJC_ISA_USAGE = YES_ERROR;
				CLANG_WARN_DOCUMENTATION_COMMENTS = YES;
				CLANG_WARN_EMPTY_BODY = YES;
				CLANG_WARN_ENUM_CONVERSION = YES;
				CLANG_WARN_INFINITE_RECURSION = YES;
				CLANG_WARN_INT_CONVERSION = YES;
				CLANG_WARN_OBJC_ROOT_CLASS = YES_ERROR;
				CLANG_WARN_SUSPICIOUS_MOVE = YES;
				CLANG_WARN_UNREACHABLE_CODE = YES;
				CLANG_WARN__DUPLICATE_METHOD_MATCH = YES;
				"CODE_SIGN_IDENTITY[sdk=iphoneos*]" = "iPhone Developer";
				COPY_PHASE_STRIP = NO;
				DEBUG_INFORMATION_FORMAT = dwarf;
				ENABLE_STRICT_OBJC_MSGSEND = YES;
				ENABLE_TESTABILITY = YES;
				GCC_C_LANGUAGE_STANDARD = gnu99;
				GCC_DYNAMIC_NO_PIC = NO;
				GCC_NO_COMMON_BLOCKS = YES;
				GCC_OPTIMIZATION_LEVEL = 0;
				GCC_PREPROCESSOR_DEFINITIONS = (
					"DEBUG=1",
					"$(inherited)",
				);
				GCC_WARN_64_TO_32_BIT_CONVERSION = YES;
				GCC_WARN_ABOUT_RETURN_TYPE = YES_ERROR;
				GCC_WARN_UNDECLARED_SELECTOR = YES;
				GCC_WARN_UNINITIALIZED_AUTOS = YES_AGGRESSIVE;
				GCC_WARN_UNUSED_FUNCTION = YES;
				GCC_WARN_UNUSED_VARIABLE = YES;
				IPHONEOS_DEPLOYMENT_TARGET = 10.2;
				MTL_ENABLE_DEBUG_INFO = YES;
				ONLY_ACTIVE_ARCH = YES;
				SDKROOT = iphoneos;
				SWIFT_ACTIVE_COMPILATION_CONDITIONS = DEBUG;
				SWIFT_OPTIMIZATION_LEVEL = "-Onone";
				TARGETED_DEVICE_FAMILY = "1,2";
			};
			name = Debug;
		};
		67924B861E76DB1B006F3A7C /* Release */ = {
			isa = XCBuildConfiguration;
			buildSettings = {
				ALWAYS_SEARCH_USER_PATHS = NO;
				CLANG_ANALYZER_NONNULL = YES;
				CLANG_CXX_LANGUAGE_STANDARD = "gnu++0x";
				CLANG_CXX_LIBRARY = "libc++";
				CLANG_ENABLE_MODULES = YES;
				CLANG_ENABLE_OBJC_ARC = YES;
				CLANG_WARN_BOOL_CONVERSION = YES;
				CLANG_WARN_CONSTANT_CONVERSION = YES;
				CLANG_WARN_DIRECT_OBJC_ISA_USAGE = YES_ERROR;
				CLANG_WARN_DOCUMENTATION_COMMENTS = YES;
				CLANG_WARN_EMPTY_BODY = YES;
				CLANG_WARN_ENUM_CONVERSION = YES;
				CLANG_WARN_INFINITE_RECURSION = YES;
				CLANG_WARN_INT_CONVERSION = YES;
				CLANG_WARN_OBJC_ROOT_CLASS = YES_ERROR;
				CLANG_WARN_SUSPICIOUS_MOVE = YES;
				CLANG_WARN_UNREACHABLE_CODE = YES;
				CLANG_WARN__DUPLICATE_METHOD_MATCH = YES;
				"CODE_SIGN_IDENTITY[sdk=iphoneos*]" = "iPhone Developer";
				COPY_PHASE_STRIP = NO;
				DEBUG_INFORMATION_FORMAT = "dwarf-with-dsym";
				ENABLE_NS_ASSERTIONS = NO;
				ENABLE_STRICT_OBJC_MSGSEND = YES;
				GCC_C_LANGUAGE_STANDARD = gnu99;
				GCC_NO_COMMON_BLOCKS = YES;
				GCC_WARN_64_TO_32_BIT_CONVERSION = YES;
				GCC_WARN_ABOUT_RETURN_TYPE = YES_ERROR;
				GCC_WARN_UNDECLARED_SELECTOR = YES;
				GCC_WARN_UNINITIALIZED_AUTOS = YES_AGGRESSIVE;
				GCC_WARN_UNUSED_FUNCTION = YES;
				GCC_WARN_UNUSED_VARIABLE = YES;
				IPHONEOS_DEPLOYMENT_TARGET = 10.2;
				MTL_ENABLE_DEBUG_INFO = NO;
				SDKROOT = iphoneos;
				SWIFT_OPTIMIZATION_LEVEL = "-Owholemodule";
				TARGETED_DEVICE_FAMILY = "1,2";
				VALIDATE_PRODUCT = YES;
			};
			name = Release;
		};
		67924B881E76DB1B006F3A7C /* Debug */ = {
			isa = XCBuildConfiguration;
			baseConfigurationReference = C9ED2B94A06A423C6D03765E /* Pods-RxSwiftTest.debug.xcconfig */;
			buildSettings = {
				ASSETCATALOG_COMPILER_APPICON_NAME = AppIcon;
				DEVELOPMENT_TEAM = E8DYRFL62Y;
				INFOPLIST_FILE = RxSwiftTest/Info.plist;
				LD_RUNPATH_SEARCH_PATHS = "$(inherited) @executable_path/Frameworks";
				PRODUCT_BUNDLE_IDENTIFIER = CHI.RxSwiftTest;
				PRODUCT_NAME = "$(TARGET_NAME)";
				SWIFT_VERSION = 3.0;
			};
			name = Debug;
		};
		67924B891E76DB1B006F3A7C /* Release */ = {
			isa = XCBuildConfiguration;
			baseConfigurationReference = 00A69AA3ECBD1C1D9902B1F2 /* Pods-RxSwiftTest.release.xcconfig */;
			buildSettings = {
				ASSETCATALOG_COMPILER_APPICON_NAME = AppIcon;
				DEVELOPMENT_TEAM = E8DYRFL62Y;
				INFOPLIST_FILE = RxSwiftTest/Info.plist;
				LD_RUNPATH_SEARCH_PATHS = "$(inherited) @executable_path/Frameworks";
				PRODUCT_BUNDLE_IDENTIFIER = CHI.RxSwiftTest;
				PRODUCT_NAME = "$(TARGET_NAME)";
				SWIFT_VERSION = 3.0;
			};
			name = Release;
		};
/* End XCBuildConfiguration section */

/* Begin XCConfigurationList section */
		67924B701E76DB1B006F3A7C /* Build configuration list for PBXProject "RxSwiftTest" */ = {
			isa = XCConfigurationList;
			buildConfigurations = (
				67924B851E76DB1B006F3A7C /* Debug */,
				67924B861E76DB1B006F3A7C /* Release */,
			);
			defaultConfigurationIsVisible = 0;
			defaultConfigurationName = Release;
		};
		67924B871E76DB1B006F3A7C /* Build configuration list for PBXNativeTarget "RxSwiftTest" */ = {
			isa = XCConfigurationList;
			buildConfigurations = (
				67924B881E76DB1B006F3A7C /* Debug */,
				67924B891E76DB1B006F3A7C /* Release */,
			);
			defaultConfigurationIsVisible = 0;
			defaultConfigurationName = Release;
		};
/* End XCConfigurationList section */
	};
	rootObject = 67924B6D1E76DB1B006F3A7C /* Project object */;
}
